
Microsoft Visual Studio Solution File, Format Version 12.00
# Visual Studio Version 16
VisualStudioVersion = 16.0.31129.286
MinimumVisualStudioVersion = 10.0.40219.1
Project("{FAE04EC0-301F-11D3-BF4B-00C04F79EFBC}") = "Notepad-RT", "Notepad-RT\Notepad-RT.csproj", "{D82E2AE9-9998-4F2D-A845-E37F9027B0BD}"
EndProject
Global
	GlobalSection(SolutionConfigurationPlatforms) = preSolution
		Debug|Any CPU = Debug|Any CPU
		Release|Any CPU = Release|Any CPU
	EndGlobalSection
	GlobalSection(ProjectConfigurationPlatforms) = postSolution
		{D82E2AE9-9998-4F2D-A845-E37F9027B0BD}.Debug|Any CPU.ActiveCfg = Debug|Any CPU
		{D82E2AE9-9998-4F2D-A845-E37F9027B0BD}.Debug|Any CPU.Build.0 = Debug|Any CPU
		{D82E2AE9-9998-4F2D-A845-E37F9027B0BD}.Release|Any CPU.ActiveCfg = Release|Any CPU
		{D82E2AE9-9998-4F2D-A845-E37F9027B0BD}.Release|Any CPU.Build.0 = Release|Any CPU
	EndGlobalSection
	GlobalSection(SolutionProperties) = preSolution
		HideSolutionNode = FALSE
	EndGlobalSection
	GlobalSection(ExtensibilityGlobals) = postSolution
		SolutionGuid = {102C8DDF-1DCB-4814-9A61-E34E8941AE05}
	EndGlobalSection
EndGlobal
